lockfileVersion: '6.0'

settings:
  autoInstallPeers: true
  excludeLinksFromLockfile: false

dependencies:
  '-':
    specifier: ^0.0.1
    version: 0.0.1
  npm:
    specifier: ^9.7.2
    version: 9.7.2
  pnpm:
    specifier: ^7.33.4
    version: 7.33.4

devDependencies:
  prettier:
    specifier: ^2.2.1
    version: 2.8.1
  prettier-plugin-sh:
    specifier: ^0.6.0
    version: 0.6.1(prettier@2.8.1)

packages:

  /-@0.0.1:
    resolution: {integrity: sha512-3HfneK3DGAm05fpyj20sT3apkNcvPpCuccOThOPdzz8sY7GgQGe0l93XH9bt+YzibcTIgUAIMoyVJI740RtgyQ==}
    dev: false

  /mvdan-sh@0.5.0:
    resolution: {integrity: sha512-UWbdl4LHd2fUnaEcOUFVWRdWGLkNoV12cKVIPiirYd8qM5VkCoCTXErlDubevrkEG7kGohvjRxAlTQmOqG80tw==}
    dev: true

  /npm@9.7.2:
    resolution: {integrity: sha512-LLoOudiSURxzRxfGj+vsD+hKKv2EfxyshDOznxruIkZMouvbaF5sFm4yAwHqxS8aVaOdRl03pRmGpcrFMqMt3g==}
    engines: {node: ^14.17.0 || ^16.13.0 || >=18.0.0}
    hasBin: true
    dev: false
    bundledDependencies:
      - '@isaacs/string-locale-compare'
      - '@npmcli/arborist'
      - '@npmcli/config'
      - '@npmcli/map-workspaces'
      - '@npmcli/package-json'
      - '@npmcli/run-script'
      - abbrev
      - archy
      - cacache
      - chalk
      - ci-info
      - cli-columns
      - cli-table3
      - columnify
      - fastest-levenshtein
      - fs-minipass
      - glob
      - graceful-fs
      - hosted-git-info
      - ini
      - init-package-json
      - is-cidr
      - json-parse-even-better-errors
      - libnpmaccess
      - libnpmdiff
      - libnpmexec
      - libnpmfund
      - libnpmhook
      - libnpmorg
      - libnpmpack
      - libnpmpublish
      - libnpmsearch
      - libnpmteam
      - libnpmversion
      - make-fetch-happen
      - minimatch
      - minipass
      - minipass-pipeline
      - ms
      - node-gyp
      - nopt
      - npm-audit-report
      - npm-install-checks
      - npm-package-arg
      - npm-pick-manifest
      - npm-profile
      - npm-registry-fetch
      - npm-user-validate
      - npmlog
      - p-map
      - pacote
      - parse-conflict-json
      - proc-log
      - qrcode-terminal
      - read
      - semver
      - sigstore
      - ssri
      - supports-color
      - tar
      - text-table
      - tiny-relative-date
      - treeverse
      - validate-npm-package-name
      - which
      - write-file-atomic

  /pnpm@7.33.4:
    resolution: {integrity: sha512-xEbf/tkwHpGM/GXq5U/sDSiE6ykLPho+o71PHNRWqkVLm6dJe4G/5Pg619Ow32ovekrr7pii5qtfamujB/+1bA==}
    engines: {node: '>=14.6'}
    hasBin: true
    dev: false

  /prettier-plugin-sh@0.6.1(prettier@2.8.1):
    resolution: {integrity: sha512-Weelg53FBb1Z5Q1/GpQIb4s//BdhmPAABjJfe6VTQ3m8upQjM36sVVboNOUVvYn3K+LMwzW4vkxhqLQ+vvfBKQ==}
    peerDependencies:
      prettier: ^2.0.5
    dependencies:
      mvdan-sh: 0.5.0
      prettier: 2.8.1
    dev: true

  /prettier@2.8.1:
    resolution: {integrity: sha512-lqGoSJBQNJidqCHE80vqZJHWHRFoNYsSpP9AjFhlhi9ODCJA541svILes/+/1GM3VaL/abZi7cpFzOpdR9UPKg==}
    engines: {node: '>=10.13.0'}
    hasBin: true
    dev: true
