lockfileVersion: 5.4

specifiers:
  '-': ^0.0.1
  npm: ^7.24.2
  pnpm: ^7.21.0
  prettier: ^2.2.1
  prettier-plugin-sh: ^0.6.0

dependencies:
  '-': 0.0.1
  npm: 7.24.2
  pnpm: 7.21.0

devDependencies:
  prettier: 2.8.1
  prettier-plugin-sh: 0.6.1_prettier@2.8.1

packages:

  /-/0.0.1:
    resolution: {integrity: sha512-3HfneK3DGAm05fpyj20sT3apkNcvPpCuccOThOPdzz8sY7GgQGe0l93XH9bt+YzibcTIgUAIMoyVJI740RtgyQ==}
    dev: false

  /mvdan-sh/0.5.0:
    resolution: {integrity: sha512-UWbdl4LHd2fUnaEcOUFVWRdWGLkNoV12cKVIPiirYd8qM5VkCoCTXErlDubevrkEG7kGohvjRxAlTQmOqG80tw==}
    dev: true

  /npm/7.24.2:
    resolution: {integrity: sha512-120p116CE8VMMZ+hk8IAb1inCPk4Dj3VZw29/n2g6UI77urJKVYb7FZUDW8hY+EBnfsjI/2yrobBgFyzo7YpVQ==}
    engines: {node: '>=10'}
    hasBin: true
    dev: false
    bundledDependencies:
      - '@isaacs/string-locale-compare'
      - '@npmcli/arborist'
      - '@npmcli/ci-detect'
      - '@npmcli/config'
      - '@npmcli/map-workspaces'
      - '@npmcli/package-json'
      - '@npmcli/run-script'
      - abbrev
      - ansicolors
      - ansistyles
      - archy
      - cacache
      - chalk
      - chownr
      - cli-columns
      - cli-table3
      - columnify
      - fastest-levenshtein
      - glob
      - graceful-fs
      - hosted-git-info
      - ini
      - init-package-json
      - is-cidr
      - json-parse-even-better-errors
      - libnpmaccess
      - libnpmdiff
      - libnpmexec
      - libnpmfund
      - libnpmhook
      - libnpmorg
      - libnpmpack
      - libnpmpublish
      - libnpmsearch
      - libnpmteam
      - libnpmversion
      - make-fetch-happen
      - minipass
      - minipass-pipeline
      - mkdirp
      - mkdirp-infer-owner
      - ms
      - node-gyp
      - nopt
      - npm-audit-report
      - npm-install-checks
      - npm-package-arg
      - npm-pick-manifest
      - npm-profile
      - npm-registry-fetch
      - npm-user-validate
      - npmlog
      - opener
      - pacote
      - parse-conflict-json
      - qrcode-terminal
      - read
      - read-package-json
      - read-package-json-fast
      - readdir-scoped-modules
      - rimraf
      - semver
      - ssri
      - tar
      - text-table
      - tiny-relative-date
      - treeverse
      - validate-npm-package-name
      - which
      - write-file-atomic

  /pnpm/7.21.0:
    resolution: {integrity: sha512-zDsRciscnXmp8AVD0u9eSoJrGfXywepuwMmFstsd+Vfl/wDZUxgaSaZ/6Nkx3bBftC+oBpWFkAGBRyjy58jvZg==}
    engines: {node: '>=14.6'}
    hasBin: true
    dev: false

  /prettier-plugin-sh/0.6.1_prettier@2.8.1:
    resolution: {integrity: sha512-Weelg53FBb1Z5Q1/GpQIb4s//BdhmPAABjJfe6VTQ3m8upQjM36sVVboNOUVvYn3K+LMwzW4vkxhqLQ+vvfBKQ==}
    peerDependencies:
      prettier: ^2.0.5
    dependencies:
      mvdan-sh: 0.5.0
      prettier: 2.8.1
    dev: true

  /prettier/2.8.1:
    resolution: {integrity: sha512-lqGoSJBQNJidqCHE80vqZJHWHRFoNYsSpP9AjFhlhi9ODCJA541svILes/+/1GM3VaL/abZi7cpFzOpdR9UPKg==}
    engines: {node: '>=10.13.0'}
    hasBin: true
    dev: true
