dependencies:
  '@types/csvtojson': 1.1.5
  csvtojson: 2.0.8
  mongodb: 3.1.13
  mongoose: 5.4.19
devDependencies:
  typescript: 3.3.3333
lockfileVersion: 5
packages:
  /@types/csvtojson/1.1.5:
    dependencies:
      '@types/node': 11.11.3
    dev: false
    resolution:
      integrity: sha512-REZcfXN1h2JLoSc066GAdUKP2OpNiG3mIpgyjZWB5RKhBOZc5xmAZwavbP6O7vKMZ+jYTqbwUNucMBl7dw68JA==
  /@types/node/11.11.3:
    dev: false
    resolution:
      integrity: sha512-wp6IOGu1lxsfnrD+5mX6qwSwWuqsdkKKxTN4aQc4wByHAKZJf9/D4KXPQ1POUjEbnCP5LMggB0OEFNY9OTsMqg==
  /async/2.6.1:
    dependencies:
      lodash: 4.17.11
    dev: false
    resolution:
      integrity: sha512-fNEiL2+AZt6AlAw/29Cr0UDe4sRAHCpEHh54WMz+Bb7QfNcFw4h3loofyJpLeQs4Yx7yuqu/2dLgM5hKOs6HlQ==
  /bluebird/3.5.1:
    dev: false
    resolution:
      integrity: sha512-MKiLiV+I1AA596t9w1sQJ8jkiSr5+ZKi0WKrYGUn6d1Fx+Ij4tIj+m2WMQSGczs5jZVxV339chE8iwk6F64wjA==
  /bluebird/3.5.3:
    dev: false
    resolution:
      integrity: sha512-/qKPUQlaW1OyR51WeCPBvRnAlnZFUJkCSG5HzGnuIqhgyJtF+T94lFnn33eiazjRm2LAHVy2guNnaq48X9SJuw==
  /bson/1.1.1:
    dev: false
    engines:
      node: '>=0.6.19'
    resolution:
      integrity: sha512-jCGVYLoYMHDkOsbwJZBCqwMHyH4c+wzgI9hG7Z6SZJRXWr+x58pdIbm2i9a/jFGCkRJqRUr8eoI7lDWa0hTkxg==
  /csvtojson/2.0.8:
    dependencies:
      bluebird: 3.5.3
      lodash: 4.17.11
      strip-bom: 2.0.0
    dev: false
    engines:
      node: '>=4.0.0'
    hasBin: true
    resolution:
      integrity: sha512-DC6YFtsJiA7t/Yz+KjzT6GXuKtU/5gRbbl7HJqvDVVir+dxdw2/1EgwfgJdnsvUT7lOnON5DvGftKuYWX1nMOQ==
  /debug/3.1.0:
    dependencies:
      ms: 2.0.0
    dev: false
    resolution:
      integrity: sha512-OX8XqP7/1a9cqkxYw2yXss15f26NKWBpDXQd0/uK/KPqdQhxbPa994hnzjcE2VqQpDslf55723cKPUOGSmMY3g==
  /is-utf8/0.2.1:
    dev: false
    resolution:
      integrity: sha1-Sw2hRCEE0bM2NA6AeX6GXPOffXI=
  /kareem/2.3.0:
    dev: false
    resolution:
      integrity: sha512-6hHxsp9e6zQU8nXsP+02HGWXwTkOEw6IROhF2ZA28cYbUk4eJ6QbtZvdqZOdD9YPKghG3apk5eOCvs+tLl3lRg==
  /lodash/4.17.11:
    dev: false
    resolution:
      integrity: sha512-cQKh8igo5QUhZ7lg38DYWAxMvjSAKG0A8wGSVimP07SIUEK2UO+arSRKbRZWtelMtN5V0Hkwh5ryOto/SshYIg==
  /memory-pager/1.5.0:
    dev: false
    optional: true
    resolution:
      integrity: sha512-ZS4Bp4r/Zoeq6+NLJpP+0Zzm0pR8whtGPf1XExKLJBAczGMnSi3It14OiNCStjQjM6NU1okjQGSxgEZN8eBYKg==
  /mongodb-core/3.1.11:
    dependencies:
      bson: 1.1.1
      require_optional: 1.0.1
      safe-buffer: 5.1.2
    dev: false
    optionalDependencies:
      saslprep: 1.0.2
    resolution:
      integrity: sha512-rD2US2s5qk/ckbiiGFHeu+yKYDXdJ1G87F6CG3YdaZpzdOm5zpoAZd/EKbPmFO6cQZ+XVXBXBJ660sSI0gc6qg==
  /mongodb/3.1.13:
    dependencies:
      mongodb-core: 3.1.11
      safe-buffer: 5.1.2
    dev: false
    engines:
      node: '>=4'
    resolution:
      integrity: sha512-sz2dhvBZQWf3LRNDhbd30KHVzdjZx9IKC0L+kSZ/gzYquCF5zPOgGqRz6sSCqYZtKP2ekB4nfLxhGtzGHnIKxA==
  /mongoose-legacy-pluralize/1.0.2:
    dev: false
    peerDependencies:
      mongoose: '*'
    resolution:
      integrity: sha512-Yo/7qQU4/EyIS8YDFSeenIvXxZN+ld7YdV9LqFVQJzTLye8unujAWPZ4NWKfFA+RNjh+wvTWKY9Z3E5XM6ZZiQ==
  /mongoose/5.4.19:
    dependencies:
      async: 2.6.1
      bson: 1.1.1
      kareem: 2.3.0
      mongodb: 3.1.13
      mongodb-core: 3.1.11
      mongoose-legacy-pluralize: 1.0.2
      mpath: 0.5.1
      mquery: 3.2.0
      ms: 2.1.1
      regexp-clone: 0.0.1
      safe-buffer: 5.1.2
      sliced: 1.0.1
    dev: false
    engines:
      node: '>=4.0.0'
    resolution:
      integrity: sha512-paRU3nbCrPIUVw1GAlxo11uIIqrYORctUx1kcLj7i2NhkxPQuy5OK2/FYj8+tglsaixycmONSyop2HQp1IUQSA==
  /mpath/0.5.1:
    dev: false
    engines:
      node: '>=4.0.0'
    resolution:
      integrity: sha512-H8OVQ+QEz82sch4wbODFOz+3YQ61FYz/z3eJ5pIdbMEaUzDqA268Wd+Vt4Paw9TJfvDgVKaayC0gBzMIw2jhsg==
  /mquery/3.2.0:
    dependencies:
      bluebird: 3.5.1
      debug: 3.1.0
      regexp-clone: 0.0.1
      safe-buffer: 5.1.2
      sliced: 1.0.1
    dev: false
    engines:
      node: '>=4.0.0'
    resolution:
      integrity: sha512-qPJcdK/yqcbQiKoemAt62Y0BAc0fTEKo1IThodBD+O5meQRJT/2HSe5QpBNwaa4CjskoGrYWsEyjkqgiE0qjhg==
  /ms/2.0.0:
    dev: false
    resolution:
      integrity: sha1-VgiurfwAvmwpAd9fmGF4jeDVl8g=
  /ms/2.1.1:
    dev: false
    resolution:
      integrity: sha512-tgp+dl5cGk28utYktBsrFqA7HKgrhgPsg6Z/EfhWI4gl1Hwq8B/GmY/0oXZ6nF8hDVesS/FpnYaD/kOWhYQvyg==
  /regexp-clone/0.0.1:
    dev: false
    resolution:
      integrity: sha1-p8LgmJH9vzj7sQ03b7cwA+aKxYk=
  /require_optional/1.0.1:
    dependencies:
      resolve-from: 2.0.0
      semver: 5.6.0
    dev: false
    resolution:
      integrity: sha512-qhM/y57enGWHAe3v/NcwML6a3/vfESLe/sGM2dII+gEO0BpKRUkWZow/tyloNqJyN6kXSl3RyyM8Ll5D/sJP8g==
  /resolve-from/2.0.0:
    dev: false
    engines:
      node: '>=0.10.0'
    resolution:
      integrity: sha1-lICrIOlP+h2egKgEx+oUdhGWa1c=
  /safe-buffer/5.1.2:
    dev: false
    resolution:
      integrity: sha512-Gd2UZBJDkXlY7GbJxfsE8/nvKkUEU1G38c1siN6QP6a9PT9MmHB8GnpscSmMJSoF8LOIrt8ud/wPtojys4G6+g==
  /saslprep/1.0.2:
    dependencies:
      sparse-bitfield: 3.0.3
    dev: false
    engines:
      node: '>=6'
    optional: true
    resolution:
      integrity: sha512-4cDsYuAjXssUSjxHKRe4DTZC0agDwsCqcMqtJAQPzC74nJ7LfAJflAtC1Zed5hMzEQKj82d3tuzqdGNRsLJ4Gw==
  /semver/5.6.0:
    dev: false
    hasBin: true
    resolution:
      integrity: sha512-RS9R6R35NYgQn++fkDWaOmqGoj4Ek9gGs+DPxNUZKuwE183xjJroKvyo1IzVFeXvUrvmALy6FWD5xrdJT25gMg==
  /sliced/1.0.1:
    dev: false
    resolution:
      integrity: sha1-CzpmK10Ewxd7GSa+qCsD+Dei70E=
  /sparse-bitfield/3.0.3:
    dependencies:
      memory-pager: 1.5.0
    dev: false
    optional: true
    resolution:
      integrity: sha1-/0rm5oZWBWuks+eSqzM004JzyhE=
  /strip-bom/2.0.0:
    dependencies:
      is-utf8: 0.2.1
    dev: false
    engines:
      node: '>=0.10.0'
    resolution:
      integrity: sha1-YhmoVhZSBJHzV4i9vxRHqZx+aw4=
  /typescript/3.3.3333:
    dev: true
    engines:
      node: '>=4.2.0'
    hasBin: true
    resolution:
      integrity: sha512-JjSKsAfuHBE/fB2oZ8NxtRTk5iGcg6hkYXMnZ3Wc+b2RSqejEqTaem11mHASMnFilHrax3sLK0GDzcJrekZYLw==
specifiers:
  '@types/csvtojson': ^1.1.5
  csvtojson: ^2.0.8
  mongodb: ^3.1.10
  mongoose: ^5.3.14
  typescript: ^3.2.1
